
Microsoft Visual Studio Solution File, Format Version 12.00
# Visual Studio Version 16
VisualStudioVersion = 16.0.30907.101
MinimumVisualStudioVersion = 10.0.40219.1
Project("{2150E333-8FDC-42A3-9474-1A3956D46DE8}") = "0-Infraestructure", "0-Infraestructure", "{0529BBBF-6A4C-41E3-A429-66D2AF734267}"
EndProject
Project("{2150E333-8FDC-42A3-9474-1A3956D46DE8}") = "1-Domain", "1-Domain", "{3C387A59-D43C-4E56-90BA-745B35718AD8}"
EndProject
Project("{2150E333-8FDC-42A3-9474-1A3956D46DE8}") = "3-Builder", "3-Builder", "{8E223D18-AAEB-4C75-9D9D-8437A4D874E2}"
EndProject
Project("{FAE04EC0-301F-11D3-BF4B-00C04F79EFBC}") = "Menoo.PrinterService.Infraestructure", "0-Infraestructure\Menoo.PrinterService.Infraestructure\Menoo.PrinterService.Infraestructure.csproj", "{ECDFF8B6-85B2-4E11-9286-0213ADC3494F}"
EndProject
Project("{FAE04EC0-301F-11D3-BF4B-00C04F79EFBC}") = "Menoo.Printer.Builder.Orders", "1-Domain\Menoo.Printer.Builder.Order\Menoo.Printer.Builder.Orders.csproj", "{46EBC8AA-99EE-458D-A004-7F5E9BF6C608}"
EndProject
Project("{FAE04EC0-301F-11D3-BF4B-00C04F79EFBC}") = "Menoo.PrinterService.Builder", "3-Builder\Menoo.PrinterService.Builder\Menoo.PrinterService.Builder.csproj", "{A67B916B-A30A-4B71-B42D-8E09A4D00D89}"
EndProject
Global
	GlobalSection(SolutionConfigurationPlatforms) = preSolution
		Debug|Any CPU = Debug|Any CPU
		Release|Any CPU = Release|Any CPU
	EndGlobalSection
	GlobalSection(ProjectConfigurationPlatforms) = postSolution
		{ECDFF8B6-85B2-4E11-9286-0213ADC3494F}.Debug|Any CPU.ActiveCfg = Debug|Any CPU
		{ECDFF8B6-85B2-4E11-9286-0213ADC3494F}.Debug|Any CPU.Build.0 = Debug|Any CPU
		{ECDFF8B6-85B2-4E11-9286-0213ADC3494F}.Release|Any CPU.ActiveCfg = Release|Any CPU
		{ECDFF8B6-85B2-4E11-9286-0213ADC3494F}.Release|Any CPU.Build.0 = Release|Any CPU
		{46EBC8AA-99EE-458D-A004-7F5E9BF6C608}.Debug|Any CPU.ActiveCfg = Debug|Any CPU
		{46EBC8AA-99EE-458D-A004-7F5E9BF6C608}.Debug|Any CPU.Build.0 = Debug|Any CPU
		{46EBC8AA-99EE-458D-A004-7F5E9BF6C608}.Release|Any CPU.ActiveCfg = Release|Any CPU
		{46EBC8AA-99EE-458D-A004-7F5E9BF6C608}.Release|Any CPU.Build.0 = Release|Any CPU
		{A67B916B-A30A-4B71-B42D-8E09A4D00D89}.Debug|Any CPU.ActiveCfg = Debug|Any CPU
		{A67B916B-A30A-4B71-B42D-8E09A4D00D89}.Debug|Any CPU.Build.0 = Debug|Any CPU
		{A67B916B-A30A-4B71-B42D-8E09A4D00D89}.Release|Any CPU.ActiveCfg = Release|Any CPU
		{A67B916B-A30A-4B71-B42D-8E09A4D00D89}.Release|Any CPU.Build.0 = Release|Any CPU
	EndGlobalSection
	GlobalSection(SolutionProperties) = preSolution
		HideSolutionNode = FALSE
	EndGlobalSection
	GlobalSection(NestedProjects) = preSolution
		{ECDFF8B6-85B2-4E11-9286-0213ADC3494F} = {0529BBBF-6A4C-41E3-A429-66D2AF734267}
		{46EBC8AA-99EE-458D-A004-7F5E9BF6C608} = {3C387A59-D43C-4E56-90BA-745B35718AD8}
		{A67B916B-A30A-4B71-B42D-8E09A4D00D89} = {8E223D18-AAEB-4C75-9D9D-8437A4D874E2}
	EndGlobalSection
	GlobalSection(ExtensibilityGlobals) = postSolution
		SolutionGuid = {21619E20-ADB8-4FD5-A27F-E1631CEDD4A0}
	EndGlobalSection
EndGlobal
