
Microsoft Visual Studio Solution File, Format Version 12.00
# Visual Studio Version 17
VisualStudioVersion = 17.1.32210.238
MinimumVisualStudioVersion = 10.0.40219.1
Project("{2150E333-8FDC-42A3-9474-1A3956D46DE8}") = "0-Infraestructure", "0-Infraestructure", "{78C833BA-B036-49C3-A189-FA14276E2AEB}"
EndProject
Project("{2150E333-8FDC-42A3-9474-1A3956D46DE8}") = "1-Domain", "1-Domain", "{2271C37B-7A0D-4289-9B83-8412B9852293}"
EndProject
Project("{2150E333-8FDC-42A3-9474-1A3956D46DE8}") = "2-Builder", "2-Builder", "{6903BA4F-F8A1-4CBA-BFF8-523DFAEA9B71}"
EndProject
Project("{FAE04EC0-301F-11D3-BF4B-00C04F79EFBC}") = "Menoo.PrinterService.Infraestructure", "0-Infraestructure\Menoo.PrinterService.Infraestructure\Menoo.PrinterService.Infraestructure.csproj", "{ECDFF8B6-85B2-4E11-9286-0213ADC3494F}"
EndProject
Project("{2150E333-8FDC-42A3-9474-1A3956D46DE8}") = "Builders", "Builders", "{305545E8-3FE4-4BE4-BDA9-711E1A063261}"
EndProject
Project("{FAE04EC0-301F-11D3-BF4B-00C04F79EFBC}") = "Menoo.Printer.Builder.Orders", "1-Domain\Menoo.Printer.Builder.Order\Menoo.Printer.Builder.Orders.csproj", "{46EBC8AA-99EE-458D-A004-7F5E9BF6C608}"
EndProject
Project("{FAE04EC0-301F-11D3-BF4B-00C04F79EFBC}") = "Menoo.Printer.Builder.Bookings", "1-Domain\Menoo.Printer.Builder.Bookings\Menoo.Printer.Builder.Bookings.csproj", "{54298B8C-DB9B-45A4-AFDE-14CD05E1BB19}"
EndProject
Project("{FAE04EC0-301F-11D3-BF4B-00C04F79EFBC}") = "Menoo.Printer.Builder.Tables", "1-Domain\Menoo.Printer.Builder.Tables\Menoo.Printer.Builder.Tables.csproj", "{B088C46B-3B17-440A-98B6-5FE6B6C4DDB2}"
EndProject
Project("{FAE04EC0-301F-11D3-BF4B-00C04F79EFBC}") = "Menoo.PrinterService.Builder", "2-Builder\Menoo.PrinterService.Builder\Menoo.PrinterService.Builder.csproj", "{A67B916B-A30A-4B71-B42D-8E09A4D00D89}"
EndProject
Global
	GlobalSection(SolutionConfigurationPlatforms) = preSolution
		Debug|Any CPU = Debug|Any CPU
		Debug|x64 = Debug|x64
		PRE|Any CPU = PRE|Any CPU
		PRE|x64 = PRE|x64
		PREpro|Any CPU = PREpro|Any CPU
		PREpro|x64 = PREpro|x64
		PRO|Any CPU = PRO|Any CPU
		PRO|x64 = PRO|x64
	EndGlobalSection
	GlobalSection(ProjectConfigurationPlatforms) = postSolution
		{ECDFF8B6-85B2-4E11-9286-0213ADC3494F}.Debug|Any CPU.ActiveCfg = Debug|Any CPU
		{ECDFF8B6-85B2-4E11-9286-0213ADC3494F}.Debug|Any CPU.Build.0 = Debug|Any CPU
		{ECDFF8B6-85B2-4E11-9286-0213ADC3494F}.Debug|x64.ActiveCfg = Debug|Any CPU
		{ECDFF8B6-85B2-4E11-9286-0213ADC3494F}.Debug|x64.Build.0 = Debug|Any CPU
		{ECDFF8B6-85B2-4E11-9286-0213ADC3494F}.PRE|Any CPU.ActiveCfg = Release|Any CPU
		{ECDFF8B6-85B2-4E11-9286-0213ADC3494F}.PRE|Any CPU.Build.0 = Release|Any CPU
		{ECDFF8B6-85B2-4E11-9286-0213ADC3494F}.PRE|x64.ActiveCfg = Release|Any CPU
		{ECDFF8B6-85B2-4E11-9286-0213ADC3494F}.PRE|x64.Build.0 = Release|Any CPU
		{ECDFF8B6-85B2-4E11-9286-0213ADC3494F}.PREpro|Any CPU.ActiveCfg = Release|Any CPU
		{ECDFF8B6-85B2-4E11-9286-0213ADC3494F}.PREpro|Any CPU.Build.0 = Release|Any CPU
		{ECDFF8B6-85B2-4E11-9286-0213ADC3494F}.PREpro|x64.ActiveCfg = Release|Any CPU
		{ECDFF8B6-85B2-4E11-9286-0213ADC3494F}.PREpro|x64.Build.0 = Release|Any CPU
		{ECDFF8B6-85B2-4E11-9286-0213ADC3494F}.PRO|Any CPU.ActiveCfg = Release|Any CPU
		{ECDFF8B6-85B2-4E11-9286-0213ADC3494F}.PRO|Any CPU.Build.0 = Release|Any CPU
		{ECDFF8B6-85B2-4E11-9286-0213ADC3494F}.PRO|x64.ActiveCfg = Release|Any CPU
		{ECDFF8B6-85B2-4E11-9286-0213ADC3494F}.PRO|x64.Build.0 = Release|Any CPU
		{46EBC8AA-99EE-458D-A004-7F5E9BF6C608}.Debug|Any CPU.ActiveCfg = Debug|Any CPU
		{46EBC8AA-99EE-458D-A004-7F5E9BF6C608}.Debug|Any CPU.Build.0 = Debug|Any CPU
		{46EBC8AA-99EE-458D-A004-7F5E9BF6C608}.Debug|x64.ActiveCfg = Debug|Any CPU
		{46EBC8AA-99EE-458D-A004-7F5E9BF6C608}.Debug|x64.Build.0 = Debug|Any CPU
		{46EBC8AA-99EE-458D-A004-7F5E9BF6C608}.PRE|Any CPU.ActiveCfg = Release|Any CPU
		{46EBC8AA-99EE-458D-A004-7F5E9BF6C608}.PRE|Any CPU.Build.0 = Release|Any CPU
		{46EBC8AA-99EE-458D-A004-7F5E9BF6C608}.PRE|x64.ActiveCfg = Release|Any CPU
		{46EBC8AA-99EE-458D-A004-7F5E9BF6C608}.PRE|x64.Build.0 = Release|Any CPU
		{46EBC8AA-99EE-458D-A004-7F5E9BF6C608}.PREpro|Any CPU.ActiveCfg = Release|Any CPU
		{46EBC8AA-99EE-458D-A004-7F5E9BF6C608}.PREpro|Any CPU.Build.0 = Release|Any CPU
		{46EBC8AA-99EE-458D-A004-7F5E9BF6C608}.PREpro|x64.ActiveCfg = Release|Any CPU
		{46EBC8AA-99EE-458D-A004-7F5E9BF6C608}.PREpro|x64.Build.0 = Release|Any CPU
		{46EBC8AA-99EE-458D-A004-7F5E9BF6C608}.PRO|Any CPU.ActiveCfg = Release|Any CPU
		{46EBC8AA-99EE-458D-A004-7F5E9BF6C608}.PRO|Any CPU.Build.0 = Release|Any CPU
		{46EBC8AA-99EE-458D-A004-7F5E9BF6C608}.PRO|x64.ActiveCfg = Release|Any CPU
		{46EBC8AA-99EE-458D-A004-7F5E9BF6C608}.PRO|x64.Build.0 = Release|Any CPU
		{54298B8C-DB9B-45A4-AFDE-14CD05E1BB19}.Debug|Any CPU.ActiveCfg = Debug|Any CPU
		{54298B8C-DB9B-45A4-AFDE-14CD05E1BB19}.Debug|Any CPU.Build.0 = Debug|Any CPU
		{54298B8C-DB9B-45A4-AFDE-14CD05E1BB19}.Debug|x64.ActiveCfg = Debug|Any CPU
		{54298B8C-DB9B-45A4-AFDE-14CD05E1BB19}.Debug|x64.Build.0 = Debug|Any CPU
		{54298B8C-DB9B-45A4-AFDE-14CD05E1BB19}.PRE|Any CPU.ActiveCfg = Release|Any CPU
		{54298B8C-DB9B-45A4-AFDE-14CD05E1BB19}.PRE|Any CPU.Build.0 = Release|Any CPU
		{54298B8C-DB9B-45A4-AFDE-14CD05E1BB19}.PRE|x64.ActiveCfg = Release|Any CPU
		{54298B8C-DB9B-45A4-AFDE-14CD05E1BB19}.PRE|x64.Build.0 = Release|Any CPU
		{54298B8C-DB9B-45A4-AFDE-14CD05E1BB19}.PREpro|Any CPU.ActiveCfg = Release|Any CPU
		{54298B8C-DB9B-45A4-AFDE-14CD05E1BB19}.PREpro|Any CPU.Build.0 = Release|Any CPU
		{54298B8C-DB9B-45A4-AFDE-14CD05E1BB19}.PREpro|x64.ActiveCfg = Release|Any CPU
		{54298B8C-DB9B-45A4-AFDE-14CD05E1BB19}.PREpro|x64.Build.0 = Release|Any CPU
		{54298B8C-DB9B-45A4-AFDE-14CD05E1BB19}.PRO|Any CPU.ActiveCfg = Release|Any CPU
		{54298B8C-DB9B-45A4-AFDE-14CD05E1BB19}.PRO|Any CPU.Build.0 = Release|Any CPU
		{54298B8C-DB9B-45A4-AFDE-14CD05E1BB19}.PRO|x64.ActiveCfg = Release|Any CPU
		{54298B8C-DB9B-45A4-AFDE-14CD05E1BB19}.PRO|x64.Build.0 = Release|Any CPU
		{B088C46B-3B17-440A-98B6-5FE6B6C4DDB2}.Debug|Any CPU.ActiveCfg = Debug|Any CPU
		{B088C46B-3B17-440A-98B6-5FE6B6C4DDB2}.Debug|Any CPU.Build.0 = Debug|Any CPU
		{B088C46B-3B17-440A-98B6-5FE6B6C4DDB2}.Debug|x64.ActiveCfg = Debug|Any CPU
		{B088C46B-3B17-440A-98B6-5FE6B6C4DDB2}.Debug|x64.Build.0 = Debug|Any CPU
		{B088C46B-3B17-440A-98B6-5FE6B6C4DDB2}.PRE|Any CPU.ActiveCfg = Release|Any CPU
		{B088C46B-3B17-440A-98B6-5FE6B6C4DDB2}.PRE|Any CPU.Build.0 = Release|Any CPU
		{B088C46B-3B17-440A-98B6-5FE6B6C4DDB2}.PRE|x64.ActiveCfg = Release|Any CPU
		{B088C46B-3B17-440A-98B6-5FE6B6C4DDB2}.PRE|x64.Build.0 = Release|Any CPU
		{B088C46B-3B17-440A-98B6-5FE6B6C4DDB2}.PREpro|Any CPU.ActiveCfg = Release|Any CPU
		{B088C46B-3B17-440A-98B6-5FE6B6C4DDB2}.PREpro|Any CPU.Build.0 = Release|Any CPU
		{B088C46B-3B17-440A-98B6-5FE6B6C4DDB2}.PREpro|x64.ActiveCfg = Release|Any CPU
		{B088C46B-3B17-440A-98B6-5FE6B6C4DDB2}.PREpro|x64.Build.0 = Release|Any CPU
		{B088C46B-3B17-440A-98B6-5FE6B6C4DDB2}.PRO|Any CPU.ActiveCfg = Release|Any CPU
		{B088C46B-3B17-440A-98B6-5FE6B6C4DDB2}.PRO|Any CPU.Build.0 = Release|Any CPU
		{B088C46B-3B17-440A-98B6-5FE6B6C4DDB2}.PRO|x64.ActiveCfg = Release|Any CPU
		{B088C46B-3B17-440A-98B6-5FE6B6C4DDB2}.PRO|x64.Build.0 = Release|Any CPU
		{A67B916B-A30A-4B71-B42D-8E09A4D00D89}.Debug|Any CPU.ActiveCfg = Debug|Any CPU
		{A67B916B-A30A-4B71-B42D-8E09A4D00D89}.Debug|Any CPU.Build.0 = Debug|Any CPU
		{A67B916B-A30A-4B71-B42D-8E09A4D00D89}.Debug|x64.ActiveCfg = Debug|Any CPU
		{A67B916B-A30A-4B71-B42D-8E09A4D00D89}.Debug|x64.Build.0 = Debug|Any CPU
		{A67B916B-A30A-4B71-B42D-8E09A4D00D89}.PRE|Any CPU.ActiveCfg = PRE|Any CPU
		{A67B916B-A30A-4B71-B42D-8E09A4D00D89}.PRE|Any CPU.Build.0 = PRE|Any CPU
		{A67B916B-A30A-4B71-B42D-8E09A4D00D89}.PRE|x64.ActiveCfg = PRE|Any CPU
		{A67B916B-A30A-4B71-B42D-8E09A4D00D89}.PRE|x64.Build.0 = PRE|Any CPU
		{A67B916B-A30A-4B71-B42D-8E09A4D00D89}.PREpro|Any CPU.ActiveCfg = PREpro|Any CPU
		{A67B916B-A30A-4B71-B42D-8E09A4D00D89}.PREpro|Any CPU.Build.0 = PREpro|Any CPU
		{A67B916B-A30A-4B71-B42D-8E09A4D00D89}.PREpro|x64.ActiveCfg = PREpro|Any CPU
		{A67B916B-A30A-4B71-B42D-8E09A4D00D89}.PREpro|x64.Build.0 = PREpro|Any CPU
		{A67B916B-A30A-4B71-B42D-8E09A4D00D89}.PRO|Any CPU.ActiveCfg = PRO|Any CPU
		{A67B916B-A30A-4B71-B42D-8E09A4D00D89}.PRO|Any CPU.Build.0 = PRO|Any CPU
		{A67B916B-A30A-4B71-B42D-8E09A4D00D89}.PRO|x64.ActiveCfg = PRO|Any CPU
		{A67B916B-A30A-4B71-B42D-8E09A4D00D89}.PRO|x64.Build.0 = PRO|Any CPU
	EndGlobalSection
	GlobalSection(SolutionProperties) = preSolution
		HideSolutionNode = FALSE
	EndGlobalSection
	GlobalSection(NestedProjects) = preSolution
		{ECDFF8B6-85B2-4E11-9286-0213ADC3494F} = {78C833BA-B036-49C3-A189-FA14276E2AEB}
		{305545E8-3FE4-4BE4-BDA9-711E1A063261} = {2271C37B-7A0D-4289-9B83-8412B9852293}
		{46EBC8AA-99EE-458D-A004-7F5E9BF6C608} = {305545E8-3FE4-4BE4-BDA9-711E1A063261}
		{54298B8C-DB9B-45A4-AFDE-14CD05E1BB19} = {305545E8-3FE4-4BE4-BDA9-711E1A063261}
		{B088C46B-3B17-440A-98B6-5FE6B6C4DDB2} = {305545E8-3FE4-4BE4-BDA9-711E1A063261}
		{A67B916B-A30A-4B71-B42D-8E09A4D00D89} = {6903BA4F-F8A1-4CBA-BFF8-523DFAEA9B71}
	EndGlobalSection
	GlobalSection(ExtensibilityGlobals) = postSolution
		SolutionGuid = {28A3E29B-B789-4822-AA66-C3AFB6E515BA}
	EndGlobalSection
EndGlobal
