
Microsoft Visual Studio Solution File, Format Version 12.00
# Visual Studio Version 16
VisualStudioVersion = 16.0.29424.173
MinimumVisualStudioVersion = 10.0.40219.1
Project("{FAE04EC0-301F-11D3-BF4B-00C04F79EFBC}") = "Menoo.PrinterService.Business", "Menoo.PrinterService.Business\Menoo.PrinterService.Business.csproj", "{F43028F3-D34D-4666-853C-1E9EBBB7A120}"
EndProject
Project("{FAE04EC0-301F-11D3-BF4B-00C04F79EFBC}") = "Menoo.PrinterService.App", "Menoo.PrinterService.App\Menoo.PrinterService.App.csproj", "{9B836E2F-4074-438F-A729-37C88E4BFDA3}"
EndProject
Global
	GlobalSection(SolutionConfigurationPlatforms) = preSolution
		Debug|Any CPU = Debug|Any CPU
		Release|Any CPU = Release|Any CPU
	EndGlobalSection
	GlobalSection(ProjectConfigurationPlatforms) = postSolution
		{F43028F3-D34D-4666-853C-1E9EBBB7A120}.Debug|Any CPU.ActiveCfg = Debug|Any CPU
		{F43028F3-D34D-4666-853C-1E9EBBB7A120}.Debug|Any CPU.Build.0 = Debug|Any CPU
		{F43028F3-D34D-4666-853C-1E9EBBB7A120}.Release|Any CPU.ActiveCfg = Release|Any CPU
		{F43028F3-D34D-4666-853C-1E9EBBB7A120}.Release|Any CPU.Build.0 = Release|Any CPU
		{9B836E2F-4074-438F-A729-37C88E4BFDA3}.Debug|Any CPU.ActiveCfg = Debug|Any CPU
		{9B836E2F-4074-438F-A729-37C88E4BFDA3}.Debug|Any CPU.Build.0 = Debug|Any CPU
		{9B836E2F-4074-438F-A729-37C88E4BFDA3}.Release|Any CPU.ActiveCfg = Release|Any CPU
		{9B836E2F-4074-438F-A729-37C88E4BFDA3}.Release|Any CPU.Build.0 = Release|Any CPU
	EndGlobalSection
	GlobalSection(SolutionProperties) = preSolution
		HideSolutionNode = FALSE
	EndGlobalSection
	GlobalSection(ExtensibilityGlobals) = postSolution
		SolutionGuid = {28A3E29B-B789-4822-AA66-C3AFB6E515BA}
	EndGlobalSection
EndGlobal
