
Microsoft Visual Studio Solution File, Format Version 12.00
# Visual Studio Version 17
VisualStudioVersion = 17.1.32210.238
MinimumVisualStudioVersion = 10.0.40219.1
Project("{FAE04EC0-301F-11D3-BF4B-00C04F79EFBC}") = "Menoo.Printer.Client", "3-Client\Menoo.Printer.Client\Menoo.Printer.Client.csproj", "{6F464AED-D68E-4AAE-8B82-F164C15DFA40}"
EndProject
Project("{54435603-DBB4-11D2-8724-00A0C9A8B90C}") = "Menoo.Printer.Setup.Testing", "MenooPrinterSetup\MenooPrinterSetup.vdproj", "{C30931A4-02CB-48C2-A35D-C2EF9B28B9D6}"
EndProject
Global
	GlobalSection(SolutionConfigurationPlatforms) = preSolution
		Debug|Any CPU = Debug|Any CPU
		PRE|Any CPU = PRE|Any CPU
		PREpro|Any CPU = PREpro|Any CPU
		PRO|Any CPU = PRO|Any CPU
		Release|Any CPU = Release|Any CPU
	EndGlobalSection
	GlobalSection(ProjectConfigurationPlatforms) = postSolution
		{6F464AED-D68E-4AAE-8B82-F164C15DFA40}.Debug|Any CPU.ActiveCfg = PRE|Any CPU
		{6F464AED-D68E-4AAE-8B82-F164C15DFA40}.Debug|Any CPU.Build.0 = PRE|Any CPU
		{6F464AED-D68E-4AAE-8B82-F164C15DFA40}.PRE|Any CPU.ActiveCfg = PRE|Any CPU
		{6F464AED-D68E-4AAE-8B82-F164C15DFA40}.PRE|Any CPU.Build.0 = PRE|Any CPU
		{6F464AED-D68E-4AAE-8B82-F164C15DFA40}.PREpro|Any CPU.ActiveCfg = Debug|Any CPU
		{6F464AED-D68E-4AAE-8B82-F164C15DFA40}.PREpro|Any CPU.Build.0 = Debug|Any CPU
		{6F464AED-D68E-4AAE-8B82-F164C15DFA40}.PRO|Any CPU.ActiveCfg = Debug|Any CPU
		{6F464AED-D68E-4AAE-8B82-F164C15DFA40}.PRO|Any CPU.Build.0 = Debug|Any CPU
		{6F464AED-D68E-4AAE-8B82-F164C15DFA40}.Release|Any CPU.ActiveCfg = Release|Any CPU
		{6F464AED-D68E-4AAE-8B82-F164C15DFA40}.Release|Any CPU.Build.0 = Release|Any CPU
		{C30931A4-02CB-48C2-A35D-C2EF9B28B9D6}.Debug|Any CPU.ActiveCfg = Debug
		{C30931A4-02CB-48C2-A35D-C2EF9B28B9D6}.PRE|Any CPU.ActiveCfg = Debug
		{C30931A4-02CB-48C2-A35D-C2EF9B28B9D6}.PREpro|Any CPU.ActiveCfg = Debug
		{C30931A4-02CB-48C2-A35D-C2EF9B28B9D6}.PRO|Any CPU.ActiveCfg = Debug
		{C30931A4-02CB-48C2-A35D-C2EF9B28B9D6}.Release|Any CPU.ActiveCfg = Release
	EndGlobalSection
	GlobalSection(SolutionProperties) = preSolution
		HideSolutionNode = FALSE
	EndGlobalSection
	GlobalSection(ExtensibilityGlobals) = postSolution
		SolutionGuid = {28A3E29B-B789-4822-AA66-C3AFB6E515BA}
	EndGlobalSection
EndGlobal
